// !$*UTF8*$!
{
	archiveVersion = 1;
	classes = {
	};
	objectVersion = 56;
	objects = {

/* Begin PBXBuildFile section */
		54E3B2982A1CEA4A00C4CBC1 /* SimpleWeatherAppApp.swift in Sources */ = {isa = PBXBuildFile; fileRef = 54E3B2972A1CEA4A00C4CBC1 /* SimpleWeatherAppApp.swift */; };
		54E3B29A2A1CEA4A00C4CBC1 /* ContentView.swift in Sources */ = {isa = PBXBuildFile; fileRef = 54E3B2992A1CEA4A00C4CBC1 /* ContentView.swift */; };
		54E3B29C2A1CEA4B00C4CBC1 /* Assets.xcassets in Resources */ = {isa = PBXBuildFile; fileRef = 54E3B29B2A1CEA4B00C4CBC1 /* Assets.xcassets */; };
		54E3B29F2A1CEA4B00C4CBC1 /* Preview Assets.xcassets in Resources */ = {isa = PBXBuildFile; fileRef = 54E3B29E2A1CEA4B00C4CBC1 /* Preview Assets.xcassets */; };
		54E3B2A92A1CED4100C4CBC1 /* ModelData.swift in Sources */ = {isa = PBXBuildFile; fileRef = 54E3B2A82A1CED4100C4CBC1 /* ModelData.swift */; };
		54E3B2AE2A1CEED700C4CBC1 /* cityData.json in Resources */ = {isa = PBXBuildFile; fileRef = 54E3B2AD2A1CEED700C4CBC1 /* cityData.json */; };
		54E3B2B12A1CF29000C4CBC1 /* CityHeader.swift in Sources */ = {isa = PBXBuildFile; fileRef = 54E3B2B02A1CF29000C4CBC1 /* CityHeader.swift */; };
		54E3B2B32A1CF2B100C4CBC1 /* CityWeather.swift in Sources */ = {isa = PBXBuildFile; fileRef = 54E3B2B22A1CF2B100C4CBC1 /* CityWeather.swift */; };
		54E3B2B52A1CF2C300C4CBC1 /* CityDescription.swift in Sources */ = {isa = PBXBuildFile; fileRef = 54E3B2B42A1CF2C300C4CBC1 /* CityDescription.swift */; };
		54E3B2B72A1CF2D000C4CBC1 /* CitySelection.swift in Sources */ = {isa = PBXBuildFile; fileRef = 54E3B2B62A1CF2D000C4CBC1 /* CitySelection.swift */; };
		54E3B2BA2A1D1C8600C4CBC1 /* WeatherPage.swift in Sources */ = {isa = PBXBuildFile; fileRef = 54E3B2B92A1D1C8600C4CBC1 /* WeatherPage.swift */; };
		54E3B2BC2A1D524800C4CBC1 /* LoadingView.swift in Sources */ = {isa = PBXBuildFile; fileRef = 54E3B2BB2A1D524800C4CBC1 /* LoadingView.swift */; };
		54E3B2BE2A1D601800C4CBC1 /* Models.swift in Sources */ = {isa = PBXBuildFile; fileRef = 54E3B2BD2A1D601800C4CBC1 /* Models.swift */; };
/* End PBXBuildFile section */

/* Begin PBXFileReference section */
		54E3B2942A1CEA4A00C4CBC1 /* SimpleWeatherApp.app */ = {isa = PBXFileReference; explicitFileType = wrapper.application; includeInIndex = 0; path = SimpleWeatherApp.app; sourceTree = BUILT_PRODUCTS_DIR; };
		54E3B2972A1CEA4A00C4CBC1 /* SimpleWeatherAppApp.swift */ = {isa = PBXFileReference; lastKnownFileType = sourcecode.swift; path = SimpleWeatherAppApp.swift; sourceTree = "<group>"; };
		54E3B2992A1CEA4A00C4CBC1 /* ContentView.swift */ = {isa = PBXFileReference; lastKnownFileType = sourcecode.swift; path = ContentView.swift; sourceTree = "<group>"; };
		54E3B29B2A1CEA4B00C4CBC1 /* Assets.xcassets */ = {isa = PBXFileReference; lastKnownFileType = folder.assetcatalog; path = Assets.xcassets; sourceTree = "<group>"; };
		54E3B29E2A1CEA4B00C4CBC1 /* Preview Assets.xcassets */ = {isa = PBXFileReference; lastKnownFileType = folder.assetcatalog; path = "Preview Assets.xcassets"; sourceTree = "<group>"; };
		54E3B2A82A1CED4100C4CBC1 /* ModelData.swift */ = {isa = PBXFileReference; lastKnownFileType = sourcecode.swift; path = ModelData.swift; sourceTree = "<group>"; };
		54E3B2AD2A1CEED700C4CBC1 /* cityData.json */ = {isa = PBXFileReference; fileEncoding = 4; lastKnownFileType = text.json; path = cityData.json; sourceTree = "<group>"; };
		54E3B2B02A1CF29000C4CBC1 /* CityHeader.swift */ = {isa = PBXFileReference; lastKnownFileType = sourcecode.swift; path = CityHeader.swift; sourceTree = "<group>"; };
		54E3B2B22A1CF2B100C4CBC1 /* CityWeather.swift */ = {isa = PBXFileReference; lastKnownFileType = sourcecode.swift; path = CityWeather.swift; sourceTree = "<group>"; };
		54E3B2B42A1CF2C300C4CBC1 /* CityDescription.swift */ = {isa = PBXFileReference; lastKnownFileType = sourcecode.swift; path = CityDescription.swift; sourceTree = "<group>"; };
		54E3B2B62A1CF2D000C4CBC1 /* CitySelection.swift */ = {isa = PBXFileReference; lastKnownFileType = sourcecode.swift; path = CitySelection.swift; sourceTree = "<group>"; };
		54E3B2B92A1D1C8600C4CBC1 /* WeatherPage.swift */ = {isa = PBXFileReference; lastKnownFileType = sourcecode.swift; path = WeatherPage.swift; sourceTree = "<group>"; };
		54E3B2BB2A1D524800C4CBC1 /* LoadingView.swift */ = {isa = PBXFileReference; lastKnownFileType = sourcecode.swift; path = LoadingView.swift; sourceTree = "<group>"; };
		54E3B2BD2A1D601800C4CBC1 /* Models.swift */ = {isa = PBXFileReference; lastKnownFileType = sourcecode.swift; path = Models.swift; sourceTree = "<group>"; };
/* End PBXFileReference section */

/* Begin PBXFrameworksBuildPhase section */
		54E3B2912A1CEA4A00C4CBC1 /* Frameworks */ = {
			isa = PBXFrameworksBuildPhase;
			buildActionMask = 2147483647;
			files = (
			);
			runOnlyForDeploymentPostprocessing = 0;
		};
/* End PBXFrameworksBuildPhase section */

/* Begin PBXGroup section */
		54E3B28B2A1CEA4A00C4CBC1 = {
			isa = PBXGroup;
			children = (
				54E3B2962A1CEA4A00C4CBC1 /* SimpleWeatherApp */,
				54E3B2952A1CEA4A00C4CBC1 /* Products */,
			);
			sourceTree = "<group>";
		};
		54E3B2952A1CEA4A00C4CBC1 /* Products */ = {
			isa = PBXGroup;
			children = (
				54E3B2942A1CEA4A00C4CBC1 /* SimpleWeatherApp.app */,
			);
			name = Products;
			sourceTree = "<group>";
		};
		54E3B2962A1CEA4A00C4CBC1 /* SimpleWeatherApp */ = {
			isa = PBXGroup;
			children = (
				54E3B2A72A1CED2500C4CBC1 /* Model */,
				54E3B2A62A1CED0700C4CBC1 /* Views */,
				54E3B2A52A1CECFD00C4CBC1 /* Resources */,
				54E3B2972A1CEA4A00C4CBC1 /* SimpleWeatherAppApp.swift */,
				54E3B2992A1CEA4A00C4CBC1 /* ContentView.swift */,
				54E3B29B2A1CEA4B00C4CBC1 /* Assets.xcassets */,
				54E3B29D2A1CEA4B00C4CBC1 /* Preview Content */,
			);
			path = SimpleWeatherApp;
			sourceTree = "<group>";
		};
		54E3B29D2A1CEA4B00C4CBC1 /* Preview Content */ = {
			isa = PBXGroup;
			children = (
				54E3B29E2A1CEA4B00C4CBC1 /* Preview Assets.xcassets */,
			);
			path = "Preview Content";
			sourceTree = "<group>";
		};
		54E3B2A52A1CECFD00C4CBC1 /* Resources */ = {
			isa = PBXGroup;
			children = (
				54E3B2AD2A1CEED700C4CBC1 /* cityData.json */,
			);
			path = Resources;
			sourceTree = "<group>";
		};
		54E3B2A62A1CED0700C4CBC1 /* Views */ = {
			isa = PBXGroup;
			children = (
				54E3B2B82A1D0AE700C4CBC1 /* CitySelection */,
				54E3B2AF2A1CF27700C4CBC1 /* City */,
				54E3B2AA2A1CED4F00C4CBC1 /* Weather */,
				54E3B2BB2A1D524800C4CBC1 /* LoadingView.swift */,
			);
			path = Views;
			sourceTree = "<group>";
		};
		54E3B2A72A1CED2500C4CBC1 /* Model */ = {
			isa = PBXGroup;
			children = (
				54E3B2A82A1CED4100C4CBC1 /* ModelData.swift */,
				54E3B2BD2A1D601800C4CBC1 /* Models.swift */,
			);
			path = Model;
			sourceTree = "<group>";
		};
		54E3B2AA2A1CED4F00C4CBC1 /* Weather */ = {
			isa = PBXGroup;
			children = (
				54E3B2B92A1D1C8600C4CBC1 /* WeatherPage.swift */,
			);
			path = Weather;
			sourceTree = "<group>";
		};
		54E3B2AF2A1CF27700C4CBC1 /* City */ = {
			isa = PBXGroup;
			children = (
				54E3B2B02A1CF29000C4CBC1 /* CityHeader.swift */,
				54E3B2B22A1CF2B100C4CBC1 /* CityWeather.swift */,
				54E3B2B42A1CF2C300C4CBC1 /* CityDescription.swift */,
			);
			path = City;
			sourceTree = "<group>";
		};
		54E3B2B82A1D0AE700C4CBC1 /* CitySelection */ = {
			isa = PBXGroup;
			children = (
				54E3B2B62A1CF2D000C4CBC1 /* CitySelection.swift */,
			);
			path = CitySelection;
			sourceTree = "<group>";
		};
/* End PBXGroup section */

/* Begin PBXNativeTarget section */
		54E3B2932A1CEA4A00C4CBC1 /* SimpleWeatherApp */ = {
			isa = PBXNativeTarget;
			buildConfigurationList = 54E3B2A22A1CEA4B00C4CBC1 /* Build configuration list for PBXNativeTarget "SimpleWeatherApp" */;
			buildPhases = (
				54E3B2902A1CEA4A00C4CBC1 /* Sources */,
				54E3B2912A1CEA4A00C4CBC1 /* Frameworks */,
				54E3B2922A1CEA4A00C4CBC1 /* Resources */,
			);
			buildRules = (
			);
			dependencies = (
			);
			name = SimpleWeatherApp;
			productName = SimpleWeatherApp;
			productReference = 54E3B2942A1CEA4A00C4CBC1 /* SimpleWeatherApp.app */;
			productType = "com.apple.product-type.application";
		};
/* End PBXNativeTarget section */

/* Begin PBXProject section */
		54E3B28C2A1CEA4A00C4CBC1 /* Project object */ = {
			isa = PBXProject;
			attributes = {
				BuildIndependentTargetsInParallel = 1;
				LastSwiftUpdateCheck = 1430;
				LastUpgradeCheck = 1430;
				TargetAttributes = {
					54E3B2932A1CEA4A00C4CBC1 = {
						CreatedOnToolsVersion = 14.3;
					};
				};
			};
			buildConfigurationList = 54E3B28F2A1CEA4A00C4CBC1 /* Build configuration list for PBXProject "SimpleWeatherApp" */;
			compatibilityVersion = "Xcode 14.0";
			developmentRegion = en;
			hasScannedForEncodings = 0;
			knownRegions = (
				en,
				Base,
			);
			mainGroup = 54E3B28B2A1CEA4A00C4CBC1;
			productRefGroup = 54E3B2952A1CEA4A00C4CBC1 /* Products */;
			projectDirPath = "";
			projectRoot = "";
			targets = (
				54E3B2932A1CEA4A00C4CBC1 /* SimpleWeatherApp */,
			);
		};
/* End PBXProject section */

/* Begin PBXResourcesBuildPhase section */
		54E3B2922A1CEA4A00C4CBC1 /* Resources */ = {
			isa = PBXResourcesBuildPhase;
			buildActionMask = 2147483647;
			files = (
				54E3B29F2A1CEA4B00C4CBC1 /* Preview Assets.xcassets in Resources */,
				54E3B29C2A1CEA4B00C4CBC1 /* Assets.xcassets in Resources */,
				54E3B2AE2A1CEED700C4CBC1 /* cityData.json in Resources */,
			);
			runOnlyForDeploymentPostprocessing = 0;
		};
/* End PBXResourcesBuildPhase section */

/* Begin PBXSourcesBuildPhase section */
		54E3B2902A1CEA4A00C4CBC1 /* Sources */ = {
			isa = PBXSourcesBuildPhase;
			buildActionMask = 2147483647;
			files = (
				54E3B2B52A1CF2C300C4CBC1 /* CityDescription.swift in Sources */,
				54E3B29A2A1CEA4A00C4CBC1 /* ContentView.swift in Sources */,
				54E3B2B12A1CF29000C4CBC1 /* CityHeader.swift in Sources */,
				54E3B2B32A1CF2B100C4CBC1 /* CityWeather.swift in Sources */,
				54E3B2B72A1CF2D000C4CBC1 /* CitySelection.swift in Sources */,
				54E3B2BA2A1D1C8600C4CBC1 /* WeatherPage.swift in Sources */,
				54E3B2982A1CEA4A00C4CBC1 /* SimpleWeatherAppApp.swift in Sources */,
				54E3B2A92A1CED4100C4CBC1 /* ModelData.swift in Sources */,
				54E3B2BC2A1D524800C4CBC1 /* LoadingView.swift in Sources */,
				54E3B2BE2A1D601800C4CBC1 /* Models.swift in Sources */,
			);
			runOnlyForDeploymentPostprocessing = 0;
		};
/* End PBXSourcesBuildPhase section */

/* Begin XCBuildConfiguration section */
		54E3B2A02A1CEA4B00C4CBC1 /* Debug */ = {
			isa = XCBuildConfiguration;
			buildSettings = {
				ALWAYS_SEARCH_USER_PATHS = NO;
				CLANG_ANALYZER_NONNULL = YES;
				CLANG_ANALYZER_NUMBER_OBJECT_CONVERSION = YES_AGGRESSIVE;
				CLANG_CXX_LANGUAGE_STANDARD = "gnu++20";
				CLANG_ENABLE_MODULES = YES;
				CLANG_ENABLE_OBJC_ARC = YES;
				CLANG_ENABLE_OBJC_WEAK = YES;
				CLANG_WARN_BLOCK_CAPTURE_AUTORELEASING = YES;
				CLANG_WARN_BOOL_CONVERSION = YES;
				CLANG_WARN_COMMA = YES;
				CLANG_WARN_CONSTANT_CONVERSION = YES;
				CLANG_WARN_DEPRECATED_OBJC_IMPLEMENTATIONS = YES;
				CLANG_WARN_DIRECT_OBJC_ISA_USAGE = YES_ERROR;
				CLANG_WARN_DOCUMENTATION_COMMENTS = YES;
				CLANG_WARN_EMPTY_BODY = YES;
				CLANG_WARN_ENUM_CONVERSION = YES;
				CLANG_WARN_INFINITE_RECURSION = YES;
				CLANG_WARN_INT_CONVERSION = YES;
				CLANG_WARN_NON_LITERAL_NULL_CONVERSION = YES;
				CLANG_WARN_OBJC_IMPLICIT_RETAIN_SELF = YES;
				CLANG_WARN_OBJC_LITERAL_CONVERSION = YES;
				CLANG_WARN_OBJC_ROOT_CLASS = YES_ERROR;
				CLANG_WARN_QUOTED_INCLUDE_IN_FRAMEWORK_HEADER = YES;
				CLANG_WARN_RANGE_LOOP_ANALYSIS = YES;
				CLANG_WARN_STRICT_PROTOTYPES = YES;
				CLANG_WARN_SUSPICIOUS_MOVE = YES;
				CLANG_WARN_UNGUARDED_AVAILABILITY = YES_AGGRESSIVE;
				CLANG_WARN_UNREACHABLE_CODE = YES;
				CLANG_WARN__DUPLICATE_METHOD_MATCH = YES;
				COPY_PHASE_STRIP = NO;
				DEBUG_INFORMATION_FORMAT = dwarf;
				ENABLE_STRICT_OBJC_MSGSEND = YES;
				ENABLE_TESTABILITY = YES;
				GCC_C_LANGUAGE_STANDARD = gnu11;
				GCC_DYNAMIC_NO_PIC = NO;
				GCC_NO_COMMON_BLOCKS = YES;
				GCC_OPTIMIZATION_LEVEL = 0;
				GCC_PREPROCESSOR_DEFINITIONS = (
					"DEBUG=1",
					"$(inherited)",
				);
				GCC_WARN_64_TO_32_BIT_CONVERSION = YES;
				GCC_WARN_ABOUT_RETURN_TYPE = YES_ERROR;
				GCC_WARN_UNDECLARED_SELECTOR = YES;
				GCC_WARN_UNINITIALIZED_AUTOS = YES_AGGRESSIVE;
				GCC_WARN_UNUSED_FUNCTION = YES;
				GCC_WARN_UNUSED_VARIABLE = YES;
				IPHONEOS_DEPLOYMENT_TARGET = 16.4;
				MTL_ENABLE_DEBUG_INFO = INCLUDE_SOURCE;
				MTL_FAST_MATH = YES;
				ONLY_ACTIVE_ARCH = YES;
				SDKROOT = iphoneos;
				SWIFT_ACTIVE_COMPILATION_CONDITIONS = DEBUG;
				SWIFT_OPTIMIZATION_LEVEL = "-Onone";
			};
			name = Debug;
		};
		54E3B2A12A1CEA4B00C4CBC1 /* Release */ = {
			isa = XCBuildConfiguration;
			buildSettings = {
				ALWAYS_SEARCH_USER_PATHS = NO;
				CLANG_ANALYZER_NONNULL = YES;
				CLANG_ANALYZER_NUMBER_OBJECT_CONVERSION = YES_AGGRESSIVE;
				CLANG_CXX_LANGUAGE_STANDARD = "gnu++20";
				CLANG_ENABLE_MODULES = YES;
				CLANG_ENABLE_OBJC_ARC = YES;
				CLANG_ENABLE_OBJC_WEAK = YES;
				CLANG_WARN_BLOCK_CAPTURE_AUTORELEASING = YES;
				CLANG_WARN_BOOL_CONVERSION = YES;
				CLANG_WARN_COMMA = YES;
				CLANG_WARN_CONSTANT_CONVERSION = YES;
				CLANG_WARN_DEPRECATED_OBJC_IMPLEMENTATIONS = YES;
				CLANG_WARN_DIRECT_OBJC_ISA_USAGE = YES_ERROR;
				CLANG_WARN_DOCUMENTATION_COMMENTS = YES;
				CLANG_WARN_EMPTY_BODY = YES;
				CLANG_WARN_ENUM_CONVERSION = YES;
				CLANG_WARN_INFINITE_RECURSION = YES;
				CLANG_WARN_INT_CONVERSION = YES;
				CLANG_WARN_NON_LITERAL_NULL_CONVERSION = YES;
				CLANG_WARN_OBJC_IMPLICIT_RETAIN_SELF = YES;
				CLANG_WARN_OBJC_LITERAL_CONVERSION = YES;
				CLANG_WARN_OBJC_ROOT_CLASS = YES_ERROR;
				CLANG_WARN_QUOTED_INCLUDE_IN_FRAMEWORK_HEADER = YES;
				CLANG_WARN_RANGE_LOOP_ANALYSIS = YES;
				CLANG_WARN_STRICT_PROTOTYPES = YES;
				CLANG_WARN_SUSPICIOUS_MOVE = YES;
				CLANG_WARN_UNGUARDED_AVAILABILITY = YES_AGGRESSIVE;
				CLANG_WARN_UNREACHABLE_CODE = YES;
				CLANG_WARN__DUPLICATE_METHOD_MATCH = YES;
				COPY_PHASE_STRIP = NO;
				DEBUG_INFORMATION_FORMAT = "dwarf-with-dsym";
				ENABLE_NS_ASSERTIONS = NO;
				ENABLE_STRICT_OBJC_MSGSEND = YES;
				GCC_C_LANGUAGE_STANDARD = gnu11;
				GCC_NO_COMMON_BLOCKS = YES;
				GCC_WARN_64_TO_32_BIT_CONVERSION = YES;
				GCC_WARN_ABOUT_RETURN_TYPE = YES_ERROR;
				GCC_WARN_UNDECLARED_SELECTOR = YES;
				GCC_WARN_UNINITIALIZED_AUTOS = YES_AGGRESSIVE;
				GCC_WARN_UNUSED_FUNCTION = YES;
				GCC_WARN_UNUSED_VARIABLE = YES;
				IPHONEOS_DEPLOYMENT_TARGET = 16.4;
				MTL_ENABLE_DEBUG_INFO = NO;
				MTL_FAST_MATH = YES;
				SDKROOT = iphoneos;
				SWIFT_COMPILATION_MODE = wholemodule;
				SWIFT_OPTIMIZATION_LEVEL = "-O";
				VALIDATE_PRODUCT = YES;
			};
			name = Release;
		};
		54E3B2A32A1CEA4B00C4CBC1 /* Debug */ = {
			isa = XCBuildConfiguration;
			buildSettings = {
				ASSETCATALOG_COMPILER_APPICON_NAME = AppIcon;
				ASSETCATALOG_COMPILER_GLOBAL_ACCENT_COLOR_NAME = AccentColor;
				CODE_SIGN_STYLE = Automatic;
				CURRENT_PROJECT_VERSION = 1;
				DEVELOPMENT_ASSET_PATHS = "\"SimpleWeatherApp/Preview Content\"";
				DEVELOPMENT_TEAM = FYD3C8URS2;
				ENABLE_PREVIEWS = YES;
				GENERATE_INFOPLIST_FILE = YES;
				INFOPLIST_KEY_UIApplicationSceneManifest_Generation = YES;
				INFOPLIST_KEY_UIApplicationSupportsIndirectInputEvents = YES;
				INFOPLIST_KEY_UILaunchScreen_Generation = YES;
				INFOPLIST_KEY_UISupportedInterfaceOrientations_iPad = "UIInterfaceOrientationPortrait UIInterfaceOrientationPortraitUpsideDown UIInterfaceOrientationLandscapeLeft UIInterfaceOrientationLandscapeRight";
				INFOPLIST_KEY_UISupportedInterfaceOrientations_iPhone = "UIInterfaceOrientationPortrait UIInterfaceOrientationLandscapeLeft UIInterfaceOrientationLandscapeRight";
				LD_RUNPATH_SEARCH_PATHS = (
					"$(inherited)",
					"@executable_path/Frameworks",
				);
				MARKETING_VERSION = 1.0;
				PRODUCT_BUNDLE_IDENTIFIER = com.utkusapaz.SimpleWeatherApp;
				PRODUCT_NAME = "$(TARGET_NAME)";
				SWIFT_EMIT_LOC_STRINGS = YES;
				SWIFT_VERSION = 5.0;
				TARGETED_DEVICE_FAMILY = "1,2";
			};
			name = Debug;
		};
		54E3B2A42A1CEA4B00C4CBC1 /* Release */ = {
			isa = XCBuildConfiguration;
			buildSettings = {
				ASSETCATALOG_COMPILER_APPICON_NAME = AppIcon;
				ASSETCATALOG_COMPILER_GLOBAL_ACCENT_COLOR_NAME = AccentColor;
				CODE_SIGN_STYLE = Automatic;
				CURRENT_PROJECT_VERSION = 1;
				DEVELOPMENT_ASSET_PATHS = "\"SimpleWeatherApp/Preview Content\"";
				DEVELOPMENT_TEAM = FYD3C8URS2;
				ENABLE_PREVIEWS = YES;
				GENERATE_INFOPLIST_FILE = YES;
				INFOPLIST_KEY_UIApplicationSceneManifest_Generation = YES;
				INFOPLIST_KEY_UIApplicationSupportsIndirectInputEvents = YES;
				INFOPLIST_KEY_UILaunchScreen_Generation = YES;
				INFOPLIST_KEY_UISupportedInterfaceOrientations_iPad = "UIInterfaceOrientationPortrait UIInterfaceOrientationPortraitUpsideDown UIInterfaceOrientationLandscapeLeft UIInterfaceOrientationLandscapeRight";
				INFOPLIST_KEY_UISupportedInterfaceOrientations_iPhone = "UIInterfaceOrientationPortrait UIInterfaceOrientationLandscapeLeft UIInterfaceOrientationLandscapeRight";
				LD_RUNPATH_SEARCH_PATHS = (
					"$(inherited)",
					"@executable_path/Frameworks",
				);
				MARKETING_VERSION = 1.0;
				PRODUCT_BUNDLE_IDENTIFIER = com.utkusapaz.SimpleWeatherApp;
				PRODUCT_NAME = "$(TARGET_NAME)";
				SWIFT_EMIT_LOC_STRINGS = YES;
				SWIFT_VERSION = 5.0;
				TARGETED_DEVICE_FAMILY = "1,2";
			};
			name = Release;
		};
/* End XCBuildConfiguration section */

/* Begin XCConfigurationList section */
		54E3B28F2A1CEA4A00C4CBC1 /* Build configuration list for PBXProject "SimpleWeatherApp" */ = {
			isa = XCConfigurationList;
			buildConfigurations = (
				54E3B2A02A1CEA4B00C4CBC1 /* Debug */,
				54E3B2A12A1CEA4B00C4CBC1 /* Release */,
			);
			defaultConfigurationIsVisible = 0;
			defaultConfigurationName = Release;
		};
		54E3B2A22A1CEA4B00C4CBC1 /* Build configuration list for PBXNativeTarget "SimpleWeatherApp" */ = {
			isa = XCConfigurationList;
			buildConfigurations = (
				54E3B2A32A1CEA4B00C4CBC1 /* Debug */,
				54E3B2A42A1CEA4B00C4CBC1 /* Release */,
			);
			defaultConfigurationIsVisible = 0;
			defaultConfigurationName = Release;
		};
/* End XCConfigurationList section */
	};
	rootObject = 54E3B28C2A1CEA4A00C4CBC1 /* Project object */;
}
